Microsoft Visual Studio Solution File, Format Version 12.00
# Visual Studio Version 17
VisualStudioVersion = 17.5.2.0
MinimumVisualStudioVersion = 10.0.40219.1
Project("{2150E333-8FDC-42A3-9474-1A3956D46DE8}") = "server-rewrite", "server-rewrite", "{F89C9B81-7615-810C-7BC1-95A6BCFD89B9}"
EndProject
Project("{FAE04EC0-301F-11D3-BF4B-00C04F79EFBC}") = "Serene", "server-rewrite\Serene.csproj", "{B9F42923-78DB-3300-FDAD-4409AB0652DF}"
EndProject
Global
	GlobalSection(SolutionConfigurationPlatforms) = preSolution
		Debug|Any CPU = Debug|Any CPU
		Release|Any CPU = Release|Any CPU
	EndGlobalSection
	GlobalSection(ProjectConfigurationPlatforms) = postSolution
		{B9F42923-78DB-3300-FDAD-4409AB0652DF}.Debug|Any CPU.ActiveCfg = Debug|Any CPU
		{B9F42923-78DB-3300-FDAD-4409AB0652DF}.Debug|Any CPU.Build.0 = Debug|Any CPU
		{B9F42923-78DB-3300-FDAD-4409AB0652DF}.Release|Any CPU.ActiveCfg = Release|Any CPU
		{B9F42923-78DB-3300-FDAD-4409AB0652DF}.Release|Any CPU.Build.0 = Release|Any CPU
	EndGlobalSection
	GlobalSection(SolutionProperties) = preSolution
		HideSolutionNode = FALSE
	EndGlobalSection
	GlobalSection(NestedProjects) = preSolution
		{B9F42923-78DB-3300-FDAD-4409AB0652DF} = {F89C9B81-7615-810C-7BC1-95A6BCFD89B9}
	EndGlobalSection
	GlobalSection(ExtensibilityGlobals) = postSolution
		SolutionGuid = {872878DD-B128-4D3A-9761-5629A246599B}
	EndGlobalSection
EndGlobal
