
Microsoft Visual Studio Solution File, Format Version 12.00
# Visual Studio Version 17
VisualStudioVersion = 17.0.31903.59
MinimumVisualStudioVersion = 10.0.40219.1
Project("{FAE04EC0-301F-11D3-BF4B-00C04F79EFBC}") = "Serene.API", "Serene.API\Serene.API.csproj", "{5D13B3B2-DAE7-4532-B4D7-FB4F4539C740}"
EndProject
Project("{FAE04EC0-301F-11D3-BF4B-00C04F79EFBC}") = "Serene.Tests", "Serene.Tests\Serene.Tests.csproj", "{FA241386-2B45-467A-A3CB-69F03BE6ED5C}"
EndProject
Global
	GlobalSection(SolutionConfigurationPlatforms) = preSolution
		Debug|Any CPU = Debug|Any CPU
		Release|Any CPU = Release|Any CPU
	EndGlobalSection
	GlobalSection(SolutionProperties) = preSolution
		HideSolutionNode = FALSE
	EndGlobalSection
	GlobalSection(ProjectConfigurationPlatforms) = postSolution
		{5D13B3B2-DAE7-4532-B4D7-FB4F4539C740}.Debug|Any CPU.ActiveCfg = Debug|Any CPU
		{5D13B3B2-DAE7-4532-B4D7-FB4F4539C740}.Debug|Any CPU.Build.0 = Debug|Any CPU
		{5D13B3B2-DAE7-4532-B4D7-FB4F4539C740}.Release|Any CPU.ActiveCfg = Release|Any CPU
		{5D13B3B2-DAE7-4532-B4D7-FB4F4539C740}.Release|Any CPU.Build.0 = Release|Any CPU
		{5D13B3B2-DAE7-4532-B4D7-FB4F4539C740}.Debug|Any CPU.Deploy.0 = Debug|Any CPU
		{FA241386-2B45-467A-A3CB-69F03BE6ED5C}.Debug|Any CPU.ActiveCfg = Debug|Any CPU
		{FA241386-2B45-467A-A3CB-69F03BE6ED5C}.Debug|Any CPU.Build.0 = Debug|Any CPU
		{FA241386-2B45-467A-A3CB-69F03BE6ED5C}.Release|Any CPU.ActiveCfg = Release|Any CPU
		{FA241386-2B45-467A-A3CB-69F03BE6ED5C}.Release|Any CPU.Build.0 = Release|Any CPU
	EndGlobalSection
EndGlobal
